{
  "name": "Mini-Blog",
  "lockfileVersion": 2,
  "requires": true,
  "packages": {
    "": {
      "dependencies": {
        "flat-icons": "^1.0.0"
      }
    },
    "node_modules/flat-icons": {
      "version": "1.0.0",
      "resolved": "https://registry.npmjs.org/flat-icons/-/flat-icons-1.0.0.tgz",
      "integrity": "sha1-kDTAtJng79kH00HbEd+Abl0AZw8="
    }
  },
  "dependencies": {
    "flat-icons": {
      "version": "1.0.0",
      "resolved": "https://registry.npmjs.org/flat-icons/-/flat-icons-1.0.0.tgz",
      "integrity": "sha1-kDTAtJng79kH00HbEd+Abl0AZw8="
    }
  }
}
